
Microsoft Visual Studio Solution File, Format Version 12.00
# Visual Studio 15
VisualStudioVersion = 15.0.28307.106
MinimumVisualStudioVersion = 10.0.40219.1
Project("{FAE04EC0-301F-11D3-BF4B-00C04F79EFBC}") = "TPL-WPF", "TPL-WPF\TPL-WPF.csproj", "{D8E27482-9631-4DAD-86A7-0186B15C057D}"
EndProject
Global
	GlobalSection(SolutionConfigurationPlatforms) = preSolution
		Debug|Any CPU = Debug|Any CPU
		Release|Any CPU = Release|Any CPU
	EndGlobalSection
	GlobalSection(ProjectConfigurationPlatforms) = postSolution
		{D8E27482-9631-4DAD-86A7-0186B15C057D}.Debug|Any CPU.ActiveCfg = Debug|Any CPU
		{D8E27482-9631-4DAD-86A7-0186B15C057D}.Debug|Any CPU.Build.0 = Debug|Any CPU
		{D8E27482-9631-4DAD-86A7-0186B15C057D}.Release|Any CPU.ActiveCfg = Release|Any CPU
		{D8E27482-9631-4DAD-86A7-0186B15C057D}.Release|Any CPU.Build.0 = Release|Any CPU
	EndGlobalSection
	GlobalSection(SolutionProperties) = preSolution
		HideSolutionNode = FALSE
	EndGlobalSection
	GlobalSection(ExtensibilityGlobals) = postSolution
		SolutionGuid = {D06B08C3-39C8-4F40-8FF2-CA6549DD5B60}
	EndGlobalSection
EndGlobal
